// !$*UTF8*$!
{
	archiveVersion = 1;
	classes = {
	};
	objectVersion = 46;
	objects = {

/* Begin PBXBuildFile section */
		269002A41DB0921800B16BA7 /* main.swift in Sources */ = {isa = PBXBuildFile; fileRef = 269002A31DB0921800B16BA7 /* main.swift */; };
		269002AB1DB0925600B16BA7 /* Classes.swift in Sources */ = {isa = PBXBuildFile; fileRef = 269002AA1DB0925600B16BA7 /* Classes.swift */; };
		269002B31DB092D900B16BA7 /* interactive.swift in Sources */ = {isa = PBXBuildFile; fileRef = 269002B21DB092D900B16BA7 /* interactive.swift */; };
		269002B51DB092E400B16BA7 /* io.swift in Sources */ = {isa = PBXBuildFile; fileRef = 269002B41DB092E400B16BA7 /* io.swift */; };
		269002D61DB134D500B16BA7 /* Animals.swift in Sources */ = {isa = PBXBuildFile; fileRef = 269002D51DB134D500B16BA7 /* Animals.swift */; };
/* End PBXBuildFile section */

/* Begin PBXCopyFilesBuildPhase section */
		2690029E1DB0921800B16BA7 /* CopyFiles */ = {
			isa = PBXCopyFilesBuildPhase;
			buildActionMask = 2147483647;
			dstPath = /usr/share/man/man1/;
			dstSubfolderSpec = 0;
			files = (
			);
			runOnlyForDeploymentPostprocessing = 1;
		};
/* End PBXCopyFilesBuildPhase section */

/* Begin PBXFileReference section */
		269002A01DB0921800B16BA7 /* Zoo-Raw */ = {isa = PBXFileReference; explicitFileType = "compiled.mach-o.executable"; includeInIndex = 0; path = "Zoo-Raw"; sourceTree = BUILT_PRODUCTS_DIR; };
		269002A31DB0921800B16BA7 /* main.swift */ = {isa = PBXFileReference; lastKnownFileType = sourcecode.swift; path = main.swift; sourceTree = "<group>"; };
		269002AA1DB0925600B16BA7 /* Classes.swift */ = {isa = PBXFileReference; fileEncoding = 4; lastKnownFileType = sourcecode.swift; path = Classes.swift; sourceTree = "<group>"; };
		269002B21DB092D900B16BA7 /* interactive.swift */ = {isa = PBXFileReference; fileEncoding = 4; lastKnownFileType = sourcecode.swift; path = interactive.swift; sourceTree = "<group>"; };
		269002B41DB092E400B16BA7 /* io.swift */ = {isa = PBXFileReference; fileEncoding = 4; lastKnownFileType = sourcecode.swift; path = io.swift; sourceTree = "<group>"; };
		269002D51DB134D500B16BA7 /* Animals.swift */ = {isa = PBXFileReference; fileEncoding = 4; lastKnownFileType = sourcecode.swift; path = Animals.swift; sourceTree = "<group>"; };
/* End PBXFileReference section */

/* Begin PBXFrameworksBuildPhase section */
		2690029D1DB0921800B16BA7 /* Frameworks */ = {
			isa = PBXFrameworksBuildPhase;
			buildActionMask = 2147483647;
			files = (
			);
			runOnlyForDeploymentPostprocessing = 0;
		};
/* End PBXFrameworksBuildPhase section */

/* Begin PBXGroup section */
		269002971DB0921800B16BA7 = {
			isa = PBXGroup;
			children = (
				269002A21DB0921800B16BA7 /* Zoo-Raw */,
				269002A11DB0921800B16BA7 /* Products */,
			);
			sourceTree = "<group>";
		};
		269002A11DB0921800B16BA7 /* Products */ = {
			isa = PBXGroup;
			children = (
				269002A01DB0921800B16BA7 /* Zoo-Raw */,
			);
			name = Products;
			sourceTree = "<group>";
		};
		269002A21DB0921800B16BA7 /* Zoo-Raw */ = {
			isa = PBXGroup;
			children = (
				269002A31DB0921800B16BA7 /* main.swift */,
				269002B21DB092D900B16BA7 /* interactive.swift */,
				269002D51DB134D500B16BA7 /* Animals.swift */,
				269002B41DB092E400B16BA7 /* io.swift */,
				269002AA1DB0925600B16BA7 /* Classes.swift */,
			);
			path = "Zoo-Raw";
			sourceTree = "<group>";
		};
/* End PBXGroup section */

/* Begin PBXNativeTarget section */
		2690029F1DB0921800B16BA7 /* Zoo-Raw */ = {
			isa = PBXNativeTarget;
			buildConfigurationList = 269002A71DB0921800B16BA7 /* Build configuration list for PBXNativeTarget "Zoo-Raw" */;
			buildPhases = (
				2690029C1DB0921800B16BA7 /* Sources */,
				2690029D1DB0921800B16BA7 /* Frameworks */,
				2690029E1DB0921800B16BA7 /* CopyFiles */,
			);
			buildRules = (
			);
			dependencies = (
			);
			name = "Zoo-Raw";
			productName = "Zoo-Raw";
			productReference = 269002A01DB0921800B16BA7 /* Zoo-Raw */;
			productType = "com.apple.product-type.tool";
		};
/* End PBXNativeTarget section */

/* Begin PBXProject section */
		269002981DB0921800B16BA7 /* Project object */ = {
			isa = PBXProject;
			attributes = {
				LastSwiftUpdateCheck = 0800;
				LastUpgradeCheck = 0800;
				ORGANIZATIONNAME = Teky;
				TargetAttributes = {
					2690029F1DB0921800B16BA7 = {
						CreatedOnToolsVersion = 8.0;
						DevelopmentTeam = Z6WPWUB2XE;
						ProvisioningStyle = Automatic;
					};
				};
			};
			buildConfigurationList = 2690029B1DB0921800B16BA7 /* Build configuration list for PBXProject "Zoo-Raw" */;
			compatibilityVersion = "Xcode 3.2";
			developmentRegion = English;
			hasScannedForEncodings = 0;
			knownRegions = (
				en,
			);
			mainGroup = 269002971DB0921800B16BA7;
			productRefGroup = 269002A11DB0921800B16BA7 /* Products */;
			projectDirPath = "";
			projectRoot = "";
			targets = (
				2690029F1DB0921800B16BA7 /* Zoo-Raw */,
			);
		};
/* End PBXProject section */

/* Begin PBXSourcesBuildPhase section */
		2690029C1DB0921800B16BA7 /* Sources */ = {
			isa = PBXSourcesBuildPhase;
			buildActionMask = 2147483647;
			files = (
				269002AB1DB0925600B16BA7 /* Classes.swift in Sources */,
				269002D61DB134D500B16BA7 /* Animals.swift in Sources */,
				269002B51DB092E400B16BA7 /* io.swift in Sources */,
				269002B31DB092D900B16BA7 /* interactive.swift in Sources */,
				269002A41DB0921800B16BA7 /* main.swift in Sources */,
			);
			runOnlyForDeploymentPostprocessing = 0;
		};
/* End PBXSourcesBuildPhase section */

/* Begin XCBuildConfiguration section */
		269002A51DB0921800B16BA7 /* Debug */ = {
			isa = XCBuildConfiguration;
			buildSettings = {
				ALWAYS_SEARCH_USER_PATHS = NO;
				CLANG_ANALYZER_NONNULL = YES;
				CLANG_CXX_LANGUAGE_STANDARD = "gnu++0x";
				CLANG_CXX_LIBRARY = "libc++";
				CLANG_ENABLE_MODULES = YES;
				CLANG_ENABLE_OBJC_ARC = YES;
				CLANG_WARN_BOOL_CONVERSION = YES;
				CLANG_WARN_CONSTANT_CONVERSION = YES;
				CLANG_WARN_DIRECT_OBJC_ISA_USAGE = YES_ERROR;
				CLANG_WARN_DOCUMENTATION_COMMENTS = YES;
				CLANG_WARN_EMPTY_BODY = YES;
				CLANG_WARN_ENUM_CONVERSION = YES;
				CLANG_WARN_INFINITE_RECURSION = YES;
				CLANG_WARN_INT_CONVERSION = YES;
				CLANG_WARN_OBJC_ROOT_CLASS = YES_ERROR;
				CLANG_WARN_SUSPICIOUS_MOVES = YES;
				CLANG_WARN_UNREACHABLE_CODE = YES;
				CLANG_WARN__DUPLICATE_METHOD_MATCH = YES;
				CODE_SIGN_IDENTITY = "-";
				COPY_PHASE_STRIP = NO;
				DEBUG_INFORMATION_FORMAT = dwarf;
				ENABLE_STRICT_OBJC_MSGSEND = YES;
				ENABLE_TESTABILITY = YES;
				GCC_C_LANGUAGE_STANDARD = gnu99;
				GCC_DYNAMIC_NO_PIC = NO;
				GCC_NO_COMMON_BLOCKS = YES;
				GCC_OPTIMIZATION_LEVEL = 0;
				GCC_PREPROCESSOR_DEFINITIONS = (
					"DEBUG=1",
					"$(inherited)",
				);
				GCC_WARN_64_TO_32_BIT_CONVERSION = YES;
				GCC_WARN_ABOUT_RETURN_TYPE = YES_ERROR;
				GCC_WARN_UNDECLARED_SELECTOR = YES;
				GCC_WARN_UNINITIALIZED_AUTOS = YES_AGGRESSIVE;
				GCC_WARN_UNUSED_FUNCTION = YES;
				GCC_WARN_UNUSED_VARIABLE = YES;
				MACOSX_DEPLOYMENT_TARGET = 10.11;
				MTL_ENABLE_DEBUG_INFO = YES;
				ONLY_ACTIVE_ARCH = YES;
				SDKROOT = macosx;
				SWIFT_OPTIMIZATION_LEVEL = "-Onone";
			};
			name = Debug;
		};
		269002A61DB0921800B16BA7 /* Release */ = {
			isa = XCBuildConfiguration;
			buildSettings = {
				ALWAYS_SEARCH_USER_PATHS = NO;
				CLANG_ANALYZER_NONNULL = YES;
				CLANG_CXX_LANGUAGE_STANDARD = "gnu++0x";
				CLANG_CXX_LIBRARY = "libc++";
				CLANG_ENABLE_MODULES = YES;
				CLANG_ENABLE_OBJC_ARC = YES;
				CLANG_WARN_BOOL_CONVERSION = YES;
				CLANG_WARN_CONSTANT_CONVERSION = YES;
				CLANG_WARN_DIRECT_OBJC_ISA_USAGE = YES_ERROR;
				CLANG_WARN_DOCUMENTATION_COMMENTS = YES;
				CLANG_WARN_EMPTY_BODY = YES;
				CLANG_WARN_ENUM_CONVERSION = YES;
				CLANG_WARN_INFINITE_RECURSION = YES;
				CLANG_WARN_INT_CONVERSION = YES;
				CLANG_WARN_OBJC_ROOT_CLASS = YES_ERROR;
				CLANG_WARN_SUSPICIOUS_MOVES = YES;
				CLANG_WARN_UNREACHABLE_CODE = YES;
				CLANG_WARN__DUPLICATE_METHOD_MATCH = YES;
				CODE_SIGN_IDENTITY = "-";
				COPY_PHASE_STRIP = NO;
				DEBUG_INFORMATION_FORMAT = "dwarf-with-dsym";
				ENABLE_NS_ASSERTIONS = NO;
				ENABLE_STRICT_OBJC_MSGSEND = YES;
				GCC_C_LANGUAGE_STANDARD = gnu99;
				GCC_NO_COMMON_BLOCKS = YES;
				GCC_WARN_64_TO_32_BIT_CONVERSION = YES;
				GCC_WARN_ABOUT_RETURN_TYPE = YES_ERROR;
				GCC_WARN_UNDECLARED_SELECTOR = YES;
				GCC_WARN_UNINITIALIZED_AUTOS = YES_AGGRESSIVE;
				GCC_WARN_UNUSED_FUNCTION = YES;
				GCC_WARN_UNUSED_VARIABLE = YES;
				MACOSX_DEPLOYMENT_TARGET = 10.11;
				MTL_ENABLE_DEBUG_INFO = NO;
				SDKROOT = macosx;
			};
			name = Release;
		};
		269002A81DB0921800B16BA7 /* Debug */ = {
			isa = XCBuildConfiguration;
			buildSettings = {
				DEVELOPMENT_TEAM = Z6WPWUB2XE;
				PRODUCT_NAME = "$(TARGET_NAME)";
				SWIFT_VERSION = 3.0;
			};
			name = Debug;
		};
		269002A91DB0921800B16BA7 /* Release */ = {
			isa = XCBuildConfiguration;
			buildSettings = {
				DEVELOPMENT_TEAM = Z6WPWUB2XE;
				PRODUCT_NAME = "$(TARGET_NAME)";
				SWIFT_VERSION = 3.0;
			};
			name = Release;
		};
/* End XCBuildConfiguration section */

/* Begin XCConfigurationList section */
		2690029B1DB0921800B16BA7 /* Build configuration list for PBXProject "Zoo-Raw" */ = {
			isa = XCConfigurationList;
			buildConfigurations = (
				269002A51DB0921800B16BA7 /* Debug */,
				269002A61DB0921800B16BA7 /* Release */,
			);
			defaultConfigurationIsVisible = 0;
			defaultConfigurationName = Release;
		};
		269002A71DB0921800B16BA7 /* Build configuration list for PBXNativeTarget "Zoo-Raw" */ = {
			isa = XCConfigurationList;
			buildConfigurations = (
				269002A81DB0921800B16BA7 /* Debug */,
				269002A91DB0921800B16BA7 /* Release */,
			);
			defaultConfigurationIsVisible = 0;
		};
/* End XCConfigurationList section */
	};
	rootObject = 269002981DB0921800B16BA7 /* Project object */;
}
